
Microsoft Visual Studio Solution File, Format Version 12.00
# Visual Studio 2015
Project("{FAE04EC0-301F-11D3-BF4B-00C04F79EFBC}") = "HOhoHO 1.2.1.CSharp", "HOhoHO 1.2.1.CSharp.csproj", "{F23CED64-2EF1-A1F8-0197-F33EA0EBC11B}"
EndProject
Project("{FAE04EC0-301F-11D3-BF4B-00C04F79EFBC}") = "HOhoHO 1.2.1.CSharp.Editor", "HOhoHO 1.2.1.CSharp.Editor.csproj", "{C5F7EF0E-AE35-90EF-30EA-C559E110E2CD}"
EndProject
Global
	GlobalSection(SolutionConfigurationPlatforms) = preSolution
		Debug|Any CPU = Debug|Any CPU
		Release|Any CPU = Release|Any CPU
	EndGlobalSection
	GlobalSection(ProjectConfigurationPlatforms) = postSolution
		{F23CED64-2EF1-A1F8-0197-F33EA0EBC11B}.Debug|Any CPU.ActiveCfg = Debug|Any CPU
		{F23CED64-2EF1-A1F8-0197-F33EA0EBC11B}.Debug|Any CPU.Build.0 = Debug|Any CPU
		{F23CED64-2EF1-A1F8-0197-F33EA0EBC11B}.Release|Any CPU.ActiveCfg = Release|Any CPU
		{F23CED64-2EF1-A1F8-0197-F33EA0EBC11B}.Release|Any CPU.Build.0 = Release|Any CPU
		{C5F7EF0E-AE35-90EF-30EA-C559E110E2CD}.Debug|Any CPU.ActiveCfg = Debug|Any CPU
		{C5F7EF0E-AE35-90EF-30EA-C559E110E2CD}.Debug|Any CPU.Build.0 = Debug|Any CPU
		{C5F7EF0E-AE35-90EF-30EA-C559E110E2CD}.Release|Any CPU.ActiveCfg = Release|Any CPU
		{C5F7EF0E-AE35-90EF-30EA-C559E110E2CD}.Release|Any CPU.Build.0 = Release|Any CPU
	EndGlobalSection
	GlobalSection(SolutionProperties) = preSolution
		HideSolutionNode = FALSE
	EndGlobalSection
EndGlobal
